lockfileVersion: 5.4

specifiers:
  ansis: ^3.3.2
  fast-deep-equal: ^3.1.3
  typescript: ^5.6.2

dependencies:
  ansis: 3.3.2
  fast-deep-equal: 3.1.3
  typescript: 5.6.2

packages:

  /ansis/3.3.2:
    resolution: {integrity: sha512-cFthbBlt+Oi0i9Pv/j6YdVWJh54CtjGACaMPCIrEV4Ha7HWsIjXDwseYV79TIL0B4+KfSwD5S70PeQDkPUd1rA==}
    engines: {node: '>=15'}
    dev: false

  /fast-deep-equal/3.1.3:
    resolution: {integrity: sha512-f3qQ9oQy9j2AhBe/H9VC91wLmKBCCU/gDOnKNAYG5hswO7BLKj09Hc5HYNz9cGI++xlpDCIgDaitVs03ATR84Q==}
    dev: false

  /typescript/5.6.2:
    resolution: {integrity: sha512-NW8ByodCSNCwZeghjN3o+JX5OFH0Ojg6sadjEKY4huZ52TqbJTJnDo5+Tw98lSy63NZvi4n+ez5m2u5d4PkZyw==}
    engines: {node: '>=14.17'}
    hasBin: true
    dev: false
