lockfileVersion: 5.4

specifiers:
  '@types/bun': ^1.1.11
  '@types/node': ^22.7.5
  '@types/object-hash': ^3.0.6
  ansis: ^3.3.2
  fast-deep-equal: ^3.1.3
  object-hash: ^3.0.0
  typescript: ^5.6.2

dependencies:
  '@types/node': 22.7.5
  '@types/object-hash': 3.0.6
  ansis: 3.3.2
  fast-deep-equal: 3.1.3
  object-hash: 3.0.0
  typescript: 5.6.2

devDependencies:
  '@types/bun': 1.1.11

packages:

  /@types/bun/1.1.11:
    resolution: {integrity: sha512-0N7D/H/8sbf9JMkaG5F3+I/cB4TlhKTkO9EskEWP8XDr8aVcDe4EywSnU4cnyZy6tar1dq70NeFNkqMEUigthw==}
    dependencies:
      bun-types: 1.1.30
    dev: true

  /@types/node/20.12.14:
    resolution: {integrity: sha512-scnD59RpYD91xngrQQLGkE+6UrHUPzeKZWhhjBSa3HSkwjbQc38+q3RoIVEwxQGRw3M+j5hpNAM+lgV3cVormg==}
    dependencies:
      undici-types: 5.26.5
    dev: true

  /@types/node/22.7.5:
    resolution: {integrity: sha512-jML7s2NAzMWc//QSJ1a3prpk78cOPchGvXJsC3C6R6PSMoooztvRVQEz89gmBTBY1SPMaqo5teB4uNHPdetShQ==}
    dependencies:
      undici-types: 6.19.8

  /@types/object-hash/3.0.6:
    resolution: {integrity: sha512-fOBV8C1FIu2ELinoILQ+ApxcUKz4ngq+IWUYrxSGjXzzjUALijilampwkMgEtJ+h2njAW3pi853QpzNVCHB73w==}
    dev: false

  /@types/ws/8.5.12:
    resolution: {integrity: sha512-3tPRkv1EtkDpzlgyKyI8pGsGZAGPEaXeu0DOj5DI25Ja91bdAYddYHbADRYVrZMRbfW+1l5YwXVDKohDJNQxkQ==}
    dependencies:
      '@types/node': 22.7.5
    dev: true

  /ansis/3.3.2:
    resolution: {integrity: sha512-cFthbBlt+Oi0i9Pv/j6YdVWJh54CtjGACaMPCIrEV4Ha7HWsIjXDwseYV79TIL0B4+KfSwD5S70PeQDkPUd1rA==}
    engines: {node: '>=15'}
    dev: false

  /bun-types/1.1.30:
    resolution: {integrity: sha512-mGh7NLisOXskBU62DxLS+/nwmLlCYHYAkCzdo4DZ9+fzrpP41hAdOqaN4DO6tQfenHb4pYb0/shw29k4/6I2yQ==}
    dependencies:
      '@types/node': 20.12.14
      '@types/ws': 8.5.12
    dev: true

  /fast-deep-equal/3.1.3:
    resolution: {integrity: sha512-f3qQ9oQy9j2AhBe/H9VC91wLmKBCCU/gDOnKNAYG5hswO7BLKj09Hc5HYNz9cGI++xlpDCIgDaitVs03ATR84Q==}
    dev: false

  /object-hash/3.0.0:
    resolution: {integrity: sha512-RSn9F68PjH9HqtltsSnqYC1XXoWe9Bju5+213R98cNGttag9q9yAOTzdbsqvIa7aNm5WffBZFpWYr2aWrklWAw==}
    engines: {node: '>= 6'}
    dev: false

  /typescript/5.6.2:
    resolution: {integrity: sha512-NW8ByodCSNCwZeghjN3o+JX5OFH0Ojg6sadjEKY4huZ52TqbJTJnDo5+Tw98lSy63NZvi4n+ez5m2u5d4PkZyw==}
    engines: {node: '>=14.17'}
    hasBin: true
    dev: false

  /undici-types/5.26.5:
    resolution: {integrity: sha512-JlCMO+ehdEIKqlFxk6IfVoAUVmgz7cU7zD/h9XZ0qzeosSHmUJVOzSQvvYSYWXkFXC+IfLKSIffhv0sVZup6pA==}
    dev: true

  /undici-types/6.19.8:
    resolution: {integrity: sha512-ve2KP6f/JnbPBFyobGHuerC9g1FYGn/F8n1LWTwNxCEzd6IfqTwUQcNXgEtmmQ6DlRrC1hrSrBnCZPokRrDHjw==}
